{
  "name": "backend",
  "lockfileVersion": 3,
  "requires": true,
  "packages": {
    "": {
      "dependencies": {
        "mangodb": "^1.0.0"
      }
    },
    "node_modules/mangodb": {
      "version": "1.0.0",
      "resolved": "https://registry.npmjs.org/mangodb/-/mangodb-1.0.0.tgz",
      "integrity": "sha512-9spyqiyoF2ePs1GGePNAfGGv24+hvgkJiYkOOR+ZML0VB5aDXONgtd4iUSZ94yRToPx7P8MXI8ZFwyzzF0+TTg==",
      "license": "MIT"
    }
  }
}
